Microsoft Visual Studio Solution File, Format Version 12.00
# Visual Studio Version 17
VisualStudioVersion = 17.5.2.0
MinimumVisualStudioVersion = 10.0.40219.1
Project("{FAE04EC0-301F-11D3-BF4B-00C04F79EFBC}") = "CounselorReview", "CounselorReview.csproj", "{644171AB-45E3-AE28-0543-1BEC4490EC53}"
EndProject
Global
	GlobalSection(SolutionConfigurationPlatforms) = preSolution
		Debug|Any CPU = Debug|Any CPU
		Release|Any CPU = Release|Any CPU
	EndGlobalSection
	GlobalSection(ProjectConfigurationPlatforms) = postSolution
		{644171AB-45E3-AE28-0543-1BEC4490EC53}.Debug|Any CPU.ActiveCfg = Debug|Any CPU
		{644171AB-45E3-AE28-0543-1BEC4490EC53}.Debug|Any CPU.Build.0 = Debug|Any CPU
		{644171AB-45E3-AE28-0543-1BEC4490EC53}.Release|Any CPU.ActiveCfg = Release|Any CPU
		{644171AB-45E3-AE28-0543-1BEC4490EC53}.Release|Any CPU.Build.0 = Release|Any CPU
	EndGlobalSection
	GlobalSection(SolutionProperties) = preSolution
		HideSolutionNode = FALSE
	EndGlobalSection
	GlobalSection(ExtensibilityGlobals) = postSolution
		SolutionGuid = {B90BB252-6950-4B32-802B-38A687C6E473}
	EndGlobalSection
EndGlobal
